{
  "lockfileVersion": 2,
  "configVersion": 1,
  "workspaces": {
    "": {
      "name": "ascend-portal",
      "dependencies": {
        "nodemailer": "10.0.10",
      },
    },
  },
  "packages": {
    "nodemailer": ["nodemailer@10.0.10", "", {}, "sha512-He9XskOFms62SyAKkLu8CcGcYHAo+BSHSsORI8s4PJH8qZgZY4L4lDfvyN0twvmbpyG+eGrxpyBlskj9d9rJ8A=="],
  }
}
